
Microsoft Visual Studio Solution File, Format Version 12.00
# Visual Studio Version 16
VisualStudioVersion = 16.0.30114.105
MinimumVisualStudioVersion = 10.0.40219.1
Project("{2150E333-8FDC-42A3-9474-1A3956D46DE8}") = "src", "src", "{9DFDBF14-51EB-4D06-9D0B-8F6675375833}"
EndProject
Project("{FAE04EC0-301F-11D3-BF4B-00C04F79EFBC}") = "GradeBook", "src\GradeBook\GradeBook.csproj", "{D5E0EA53-D73B-458B-833A-56F6B2AD4A12}"
EndProject
Project("{2150E333-8FDC-42A3-9474-1A3956D46DE8}") = "test", "test", "{4F1ABAC0-34CA-4564-885D-CE40C33E8538}"
EndProject
Project("{FAE04EC0-301F-11D3-BF4B-00C04F79EFBC}") = "GradeBook.Tests", "test\GradeBook.Tests\GradeBook.Tests.csproj", "{2B912F00-4AE1-4C8E-B527-19674829493B}"
EndProject
Global
	GlobalSection(SolutionConfigurationPlatforms) = preSolution
		Debug|Any CPU = Debug|Any CPU
		Release|Any CPU = Release|Any CPU
	EndGlobalSection
	GlobalSection(SolutionProperties) = preSolution
		HideSolutionNode = FALSE
	EndGlobalSection
	GlobalSection(ProjectConfigurationPlatforms) = postSolution
		{D5E0EA53-D73B-458B-833A-56F6B2AD4A12}.Debug|Any CPU.ActiveCfg = Debug|Any CPU
		{D5E0EA53-D73B-458B-833A-56F6B2AD4A12}.Debug|Any CPU.Build.0 = Debug|Any CPU
		{D5E0EA53-D73B-458B-833A-56F6B2AD4A12}.Release|Any CPU.ActiveCfg = Release|Any CPU
		{D5E0EA53-D73B-458B-833A-56F6B2AD4A12}.Release|Any CPU.Build.0 = Release|Any CPU
		{2B912F00-4AE1-4C8E-B527-19674829493B}.Debug|Any CPU.ActiveCfg = Debug|Any CPU
		{2B912F00-4AE1-4C8E-B527-19674829493B}.Debug|Any CPU.Build.0 = Debug|Any CPU
		{2B912F00-4AE1-4C8E-B527-19674829493B}.Release|Any CPU.ActiveCfg = Release|Any CPU
		{2B912F00-4AE1-4C8E-B527-19674829493B}.Release|Any CPU.Build.0 = Release|Any CPU
	EndGlobalSection
	GlobalSection(NestedProjects) = preSolution
		{D5E0EA53-D73B-458B-833A-56F6B2AD4A12} = {9DFDBF14-51EB-4D06-9D0B-8F6675375833}
		{2B912F00-4AE1-4C8E-B527-19674829493B} = {4F1ABAC0-34CA-4564-885D-CE40C33E8538}
	EndGlobalSection
EndGlobal
